
Microsoft Visual Studio Solution File, Format Version 12.00
# Visual Studio Version 16
VisualStudioVersion = 16.0.31005.135
MinimumVisualStudioVersion = 10.0.40219.1
Project("{8BC9CEB8-8B4A-11D0-8D11-00A0C91BC942}") = "kosti_game", "kosti_game\kosti_game.vcxproj", "{C2C5AB9B-F90C-405F-90E1-F9CF37423C8A}"
EndProject
Global
	GlobalSection(SolutionConfigurationPlatforms) = preSolution
		Debug|x64 = Debug|x64
		Debug|x86 = Debug|x86
		Release|x64 = Release|x64
		Release|x86 = Release|x86
	EndGlobalSection
	GlobalSection(ProjectConfigurationPlatforms) = postSolution
		{C2C5AB9B-F90C-405F-90E1-F9CF37423C8A}.Debug|x64.ActiveCfg = Debug|x64
		{C2C5AB9B-F90C-405F-90E1-F9CF37423C8A}.Debug|x64.Build.0 = Debug|x64
		{C2C5AB9B-F90C-405F-90E1-F9CF37423C8A}.Debug|x86.ActiveCfg = Debug|Win32
		{C2C5AB9B-F90C-405F-90E1-F9CF37423C8A}.Debug|x86.Build.0 = Debug|Win32
		{C2C5AB9B-F90C-405F-90E1-F9CF37423C8A}.Release|x64.ActiveCfg = Release|x64
		{C2C5AB9B-F90C-405F-90E1-F9CF37423C8A}.Release|x64.Build.0 = Release|x64
		{C2C5AB9B-F90C-405F-90E1-F9CF37423C8A}.Release|x86.ActiveCfg = Release|Win32
		{C2C5AB9B-F90C-405F-90E1-F9CF37423C8A}.Release|x86.Build.0 = Release|Win32
	EndGlobalSection
	GlobalSection(SolutionProperties) = preSolution
		HideSolutionNode = FALSE
	EndGlobalSection
	GlobalSection(ExtensibilityGlobals) = postSolution
		SolutionGuid = {3CD7C9D2-CA60-4353-89CF-333E9B6F6918}
	EndGlobalSection
EndGlobal
